// !$*UTF8*$!
{
	archiveVersion = 1;
	classes = {
	};
	objectVersion = 56;
	objects = {

/* Begin PBXBuildFile section */
		649AA3282AC1D68200E543F0 /* AppDelegate.swift in Sources */ = {isa = PBXBuildFile; fileRef = 649AA3272AC1D68200E543F0 /* AppDelegate.swift */; };
		649AA32A2AC1D68200E543F0 /* SceneDelegate.swift in Sources */ = {isa = PBXBuildFile; fileRef = 649AA3292AC1D68200E543F0 /* SceneDelegate.swift */; };
		649AA32C2AC1D68200E543F0 /* ViewController.swift in Sources */ = {isa = PBXBuildFile; fileRef = 649AA32B2AC1D68200E543F0 /* ViewController.swift */; };
		649AA3312AC1D68300E543F0 /* Assets.xcassets in Resources */ = {isa = PBXBuildFile; fileRef = 649AA3302AC1D68300E543F0 /* Assets.xcassets */; };
		649AA3342AC1D68300E543F0 /* LaunchScreen.storyboard in Resources */ = {isa = PBXBuildFile; fileRef = 649AA3322AC1D68300E543F0 /* LaunchScreen.storyboard */; };
		649AA33D2AC1D93C00E543F0 /* Cell.swift in Sources */ = {isa = PBXBuildFile; fileRef = 649AA33C2AC1D93C00E543F0 /* Cell.swift */; };
		649AA3402AC1DA7A00E543F0 /* SnapKit in Frameworks */ = {isa = PBXBuildFile; productRef = 649AA33F2AC1DA7A00E543F0 /* SnapKit */; };
		649AA3432AC1DB6C00E543F0 /* TopicModel.swift in Sources */ = {isa = PBXBuildFile; fileRef = 649AA3422AC1DB6C00E543F0 /* TopicModel.swift */; };
		649AA3482AC1EC3700E543F0 /* UserDefaultsManager.swift in Sources */ = {isa = PBXBuildFile; fileRef = 649AA3472AC1EC3700E543F0 /* UserDefaultsManager.swift */; };
		649AA34A2AC1ED1F00E543F0 /* TopicsManager.swift in Sources */ = {isa = PBXBuildFile; fileRef = 649AA3492AC1ED1F00E543F0 /* TopicsManager.swift */; };
/* End PBXBuildFile section */

/* Begin PBXFileReference section */
		649AA3242AC1D68200E543F0 /* LearnSwift.app */ = {isa = PBXFileReference; explicitFileType = wrapper.application; includeInIndex = 0; path = LearnSwift.app; sourceTree = BUILT_PRODUCTS_DIR; };
		649AA3272AC1D68200E543F0 /* AppDelegate.swift */ = {isa = PBXFileReference; lastKnownFileType = sourcecode.swift; path = AppDelegate.swift; sourceTree = "<group>"; };
		649AA3292AC1D68200E543F0 /* SceneDelegate.swift */ = {isa = PBXFileReference; lastKnownFileType = sourcecode.swift; path = SceneDelegate.swift; sourceTree = "<group>"; };
		649AA32B2AC1D68200E543F0 /* ViewController.swift */ = {isa = PBXFileReference; lastKnownFileType = sourcecode.swift; path = ViewController.swift; sourceTree = "<group>"; };
		649AA3302AC1D68300E543F0 /* Assets.xcassets */ = {isa = PBXFileReference; lastKnownFileType = folder.assetcatalog; path = Assets.xcassets; sourceTree = "<group>"; };
		649AA3332AC1D68300E543F0 /* Base */ = {isa = PBXFileReference; lastKnownFileType = file.storyboard; name = Base; path = Base.lproj/LaunchScreen.storyboard; sourceTree = "<group>"; };
		649AA3352AC1D68300E543F0 /* Info.plist */ = {isa = PBXFileReference; lastKnownFileType = text.plist.xml; path = Info.plist; sourceTree = "<group>"; };
		649AA33C2AC1D93C00E543F0 /* Cell.swift */ = {isa = PBXFileReference; lastKnownFileType = sourcecode.swift; path = Cell.swift; sourceTree = "<group>"; };
		649AA3422AC1DB6C00E543F0 /* TopicModel.swift */ = {isa = PBXFileReference; lastKnownFileType = sourcecode.swift; path = TopicModel.swift; sourceTree = "<group>"; };
		649AA3472AC1EC3700E543F0 /* UserDefaultsManager.swift */ = {isa = PBXFileReference; lastKnownFileType = sourcecode.swift; path = UserDefaultsManager.swift; sourceTree = "<group>"; };
		649AA3492AC1ED1F00E543F0 /* TopicsManager.swift */ = {isa = PBXFileReference; lastKnownFileType = sourcecode.swift; path = TopicsManager.swift; sourceTree = "<group>"; };
/* End PBXFileReference section */

/* Begin PBXFrameworksBuildPhase section */
		649AA3212AC1D68200E543F0 /* Frameworks */ = {
			isa = PBXFrameworksBuildPhase;
			buildActionMask = 2147483647;
			files = (
				649AA3402AC1DA7A00E543F0 /* SnapKit in Frameworks */,
			);
			runOnlyForDeploymentPostprocessing = 0;
		};
/* End PBXFrameworksBuildPhase section */

/* Begin PBXGroup section */
		649AA31B2AC1D68200E543F0 = {
			isa = PBXGroup;
			children = (
				649AA3262AC1D68200E543F0 /* LearnSwift */,
				649AA3252AC1D68200E543F0 /* Products */,
			);
			sourceTree = "<group>";
		};
		649AA3252AC1D68200E543F0 /* Products */ = {
			isa = PBXGroup;
			children = (
				649AA3242AC1D68200E543F0 /* LearnSwift.app */,
			);
			name = Products;
			sourceTree = "<group>";
		};
		649AA3262AC1D68200E543F0 /* LearnSwift */ = {
			isa = PBXGroup;
			children = (
				649AA3452AC1DE5700E543F0 /* Application */,
				649AA3442AC1DE4E00E543F0 /* ViewControllers */,
				649AA3412AC1DB4000E543F0 /* Models */,
				649AA33B2AC1D92900E543F0 /* Views */,
				649AA3462AC1EC1D00E543F0 /* Managers */,
				649AA3302AC1D68300E543F0 /* Assets.xcassets */,
				649AA3322AC1D68300E543F0 /* LaunchScreen.storyboard */,
				649AA3352AC1D68300E543F0 /* Info.plist */,
			);
			path = LearnSwift;
			sourceTree = "<group>";
		};
		649AA33B2AC1D92900E543F0 /* Views */ = {
			isa = PBXGroup;
			children = (
				649AA33C2AC1D93C00E543F0 /* Cell.swift */,
			);
			path = Views;
			sourceTree = "<group>";
		};
		649AA3412AC1DB4000E543F0 /* Models */ = {
			isa = PBXGroup;
			children = (
				649AA3422AC1DB6C00E543F0 /* TopicModel.swift */,
			);
			path = Models;
			sourceTree = "<group>";
		};
		649AA3442AC1DE4E00E543F0 /* ViewControllers */ = {
			isa = PBXGroup;
			children = (
				649AA32B2AC1D68200E543F0 /* ViewController.swift */,
			);
			path = ViewControllers;
			sourceTree = "<group>";
		};
		649AA3452AC1DE5700E543F0 /* Application */ = {
			isa = PBXGroup;
			children = (
				649AA3272AC1D68200E543F0 /* AppDelegate.swift */,
				649AA3292AC1D68200E543F0 /* SceneDelegate.swift */,
			);
			path = Application;
			sourceTree = "<group>";
		};
		649AA3462AC1EC1D00E543F0 /* Managers */ = {
			isa = PBXGroup;
			children = (
				649AA3472AC1EC3700E543F0 /* UserDefaultsManager.swift */,
				649AA3492AC1ED1F00E543F0 /* TopicsManager.swift */,
			);
			path = Managers;
			sourceTree = "<group>";
		};
/* End PBXGroup section */

/* Begin PBXNativeTarget section */
		649AA3232AC1D68200E543F0 /* LearnSwift */ = {
			isa = PBXNativeTarget;
			buildConfigurationList = 649AA3382AC1D68300E543F0 /* Build configuration list for PBXNativeTarget "LearnSwift" */;
			buildPhases = (
				649AA3202AC1D68200E543F0 /* Sources */,
				649AA3212AC1D68200E543F0 /* Frameworks */,
				649AA3222AC1D68200E543F0 /* Resources */,
			);
			buildRules = (
			);
			dependencies = (
			);
			name = LearnSwift;
			packageProductDependencies = (
				649AA33F2AC1DA7A00E543F0 /* SnapKit */,
			);
			productName = LearnSwift;
			productReference = 649AA3242AC1D68200E543F0 /* LearnSwift.app */;
			productType = "com.apple.product-type.application";
		};
/* End PBXNativeTarget section */

/* Begin PBXProject section */
		649AA31C2AC1D68200E543F0 /* Project object */ = {
			isa = PBXProject;
			attributes = {
				BuildIndependentTargetsInParallel = 1;
				LastSwiftUpdateCheck = 1430;
				LastUpgradeCheck = 1430;
				TargetAttributes = {
					649AA3232AC1D68200E543F0 = {
						CreatedOnToolsVersion = 14.3.1;
					};
				};
			};
			buildConfigurationList = 649AA31F2AC1D68200E543F0 /* Build configuration list for PBXProject "LearnSwift" */;
			compatibilityVersion = "Xcode 14.0";
			developmentRegion = en;
			hasScannedForEncodings = 0;
			knownRegions = (
				en,
				Base,
			);
			mainGroup = 649AA31B2AC1D68200E543F0;
			packageReferences = (
				649AA33E2AC1DA7A00E543F0 /* XCRemoteSwiftPackageReference "SnapKit" */,
			);
			productRefGroup = 649AA3252AC1D68200E543F0 /* Products */;
			projectDirPath = "";
			projectRoot = "";
			targets = (
				649AA3232AC1D68200E543F0 /* LearnSwift */,
			);
		};
/* End PBXProject section */

/* Begin PBXResourcesBuildPhase section */
		649AA3222AC1D68200E543F0 /* Resources */ = {
			isa = PBXResourcesBuildPhase;
			buildActionMask = 2147483647;
			files = (
				649AA3342AC1D68300E543F0 /* LaunchScreen.storyboard in Resources */,
				649AA3312AC1D68300E543F0 /* Assets.xcassets in Resources */,
			);
			runOnlyForDeploymentPostprocessing = 0;
		};
/* End PBXResourcesBuildPhase section */

/* Begin PBXSourcesBuildPhase section */
		649AA3202AC1D68200E543F0 /* Sources */ = {
			isa = PBXSourcesBuildPhase;
			buildActionMask = 2147483647;
			files = (
				649AA3432AC1DB6C00E543F0 /* TopicModel.swift in Sources */,
				649AA32C2AC1D68200E543F0 /* ViewController.swift in Sources */,
				649AA3482AC1EC3700E543F0 /* UserDefaultsManager.swift in Sources */,
				649AA34A2AC1ED1F00E543F0 /* TopicsManager.swift in Sources */,
				649AA33D2AC1D93C00E543F0 /* Cell.swift in Sources */,
				649AA3282AC1D68200E543F0 /* AppDelegate.swift in Sources */,
				649AA32A2AC1D68200E543F0 /* SceneDelegate.swift in Sources */,
			);
			runOnlyForDeploymentPostprocessing = 0;
		};
/* End PBXSourcesBuildPhase section */

/* Begin PBXVariantGroup section */
		649AA3322AC1D68300E543F0 /* LaunchScreen.storyboard */ = {
			isa = PBXVariantGroup;
			children = (
				649AA3332AC1D68300E543F0 /* Base */,
			);
			name = LaunchScreen.storyboard;
			sourceTree = "<group>";
		};
/* End PBXVariantGroup section */

/* Begin XCBuildConfiguration section */
		649AA3362AC1D68300E543F0 /* Debug */ = {
			isa = XCBuildConfiguration;
			buildSettings = {
				ALWAYS_SEARCH_USER_PATHS = NO;
				CLANG_ANALYZER_NONNULL = YES;
				CLANG_ANALYZER_NUMBER_OBJECT_CONVERSION = YES_AGGRESSIVE;
				CLANG_CXX_LANGUAGE_STANDARD = "gnu++20";
				CLANG_ENABLE_MODULES = YES;
				CLANG_ENABLE_OBJC_ARC = YES;
				CLANG_ENABLE_OBJC_WEAK = YES;
				CLANG_WARN_BLOCK_CAPTURE_AUTORELEASING = YES;
				CLANG_WARN_BOOL_CONVERSION = YES;
				CLANG_WARN_COMMA = YES;
				CLANG_WARN_CONSTANT_CONVERSION = YES;
				CLANG_WARN_DEPRECATED_OBJC_IMPLEMENTATIONS = YES;
				CLANG_WARN_DIRECT_OBJC_ISA_USAGE = YES_ERROR;
				CLANG_WARN_DOCUMENTATION_COMMENTS = YES;
				CLANG_WARN_EMPTY_BODY = YES;
				CLANG_WARN_ENUM_CONVERSION = YES;
				CLANG_WARN_INFINITE_RECURSION = YES;
				CLANG_WARN_INT_CONVERSION = YES;
				CLANG_WARN_NON_LITERAL_NULL_CONVERSION = YES;
				CLANG_WARN_OBJC_IMPLICIT_RETAIN_SELF = YES;
				CLANG_WARN_OBJC_LITERAL_CONVERSION = YES;
				CLANG_WARN_OBJC_ROOT_CLASS = YES_ERROR;
				CLANG_WARN_QUOTED_INCLUDE_IN_FRAMEWORK_HEADER = YES;
				CLANG_WARN_RANGE_LOOP_ANALYSIS = YES;
				CLANG_WARN_STRICT_PROTOTYPES = YES;
				CLANG_WARN_SUSPICIOUS_MOVE = YES;
				CLANG_WARN_UNGUARDED_AVAILABILITY = YES_AGGRESSIVE;
				CLANG_WARN_UNREACHABLE_CODE = YES;
				CLANG_WARN__DUPLICATE_METHOD_MATCH = YES;
				COPY_PHASE_STRIP = NO;
				DEBUG_INFORMATION_FORMAT = dwarf;
				ENABLE_STRICT_OBJC_MSGSEND = YES;
				ENABLE_TESTABILITY = YES;
				GCC_C_LANGUAGE_STANDARD = gnu11;
				GCC_DYNAMIC_NO_PIC = NO;
				GCC_NO_COMMON_BLOCKS = YES;
				GCC_OPTIMIZATION_LEVEL = 0;
				GCC_PREPROCESSOR_DEFINITIONS = (
					"DEBUG=1",
					"$(inherited)",
				);
				GCC_WARN_64_TO_32_BIT_CONVERSION = YES;
				GCC_WARN_ABOUT_RETURN_TYPE = YES_ERROR;
				GCC_WARN_UNDECLARED_SELECTOR = YES;
				GCC_WARN_UNINITIALIZED_AUTOS = YES_AGGRESSIVE;
				GCC_WARN_UNUSED_FUNCTION = YES;
				GCC_WARN_UNUSED_VARIABLE = YES;
				IPHONEOS_DEPLOYMENT_TARGET = 16.4;
				MTL_ENABLE_DEBUG_INFO = INCLUDE_SOURCE;
				MTL_FAST_MATH = YES;
				ONLY_ACTIVE_ARCH = YES;
				SDKROOT = iphoneos;
				SWIFT_ACTIVE_COMPILATION_CONDITIONS = DEBUG;
				SWIFT_OPTIMIZATION_LEVEL = "-Onone";
			};
			name = Debug;
		};
		649AA3372AC1D68300E543F0 /* Release */ = {
			isa = XCBuildConfiguration;
			buildSettings = {
				ALWAYS_SEARCH_USER_PATHS = NO;
				CLANG_ANALYZER_NONNULL = YES;
				CLANG_ANALYZER_NUMBER_OBJECT_CONVERSION = YES_AGGRESSIVE;
				CLANG_CXX_LANGUAGE_STANDARD = "gnu++20";
				CLANG_ENABLE_MODULES = YES;
				CLANG_ENABLE_OBJC_ARC = YES;
				CLANG_ENABLE_OBJC_WEAK = YES;
				CLANG_WARN_BLOCK_CAPTURE_AUTORELEASING = YES;
				CLANG_WARN_BOOL_CONVERSION = YES;
				CLANG_WARN_COMMA = YES;
				CLANG_WARN_CONSTANT_CONVERSION = YES;
				CLANG_WARN_DEPRECATED_OBJC_IMPLEMENTATIONS = YES;
				CLANG_WARN_DIRECT_OBJC_ISA_USAGE = YES_ERROR;
				CLANG_WARN_DOCUMENTATION_COMMENTS = YES;
				CLANG_WARN_EMPTY_BODY = YES;
				CLANG_WARN_ENUM_CONVERSION = YES;
				CLANG_WARN_INFINITE_RECURSION = YES;
				CLANG_WARN_INT_CONVERSION = YES;
				CLANG_WARN_NON_LITERAL_NULL_CONVERSION = YES;
				CLANG_WARN_OBJC_IMPLICIT_RETAIN_SELF = YES;
				CLANG_WARN_OBJC_LITERAL_CONVERSION = YES;
				CLANG_WARN_OBJC_ROOT_CLASS = YES_ERROR;
				CLANG_WARN_QUOTED_INCLUDE_IN_FRAMEWORK_HEADER = YES;
				CLANG_WARN_RANGE_LOOP_ANALYSIS = YES;
				CLANG_WARN_STRICT_PROTOTYPES = YES;
				CLANG_WARN_SUSPICIOUS_MOVE = YES;
				CLANG_WARN_UNGUARDED_AVAILABILITY = YES_AGGRESSIVE;
				CLANG_WARN_UNREACHABLE_CODE = YES;
				CLANG_WARN__DUPLICATE_METHOD_MATCH = YES;
				COPY_PHASE_STRIP = NO;
				DEBUG_INFORMATION_FORMAT = "dwarf-with-dsym";
				ENABLE_NS_ASSERTIONS = NO;
				ENABLE_STRICT_OBJC_MSGSEND = YES;
				GCC_C_LANGUAGE_STANDARD = gnu11;
				GCC_NO_COMMON_BLOCKS = YES;
				GCC_WARN_64_TO_32_BIT_CONVERSION = YES;
				GCC_WARN_ABOUT_RETURN_TYPE = YES_ERROR;
				GCC_WARN_UNDECLARED_SELECTOR = YES;
				GCC_WARN_UNINITIALIZED_AUTOS = YES_AGGRESSIVE;
				GCC_WARN_UNUSED_FUNCTION = YES;
				GCC_WARN_UNUSED_VARIABLE = YES;
				IPHONEOS_DEPLOYMENT_TARGET = 16.4;
				MTL_ENABLE_DEBUG_INFO = NO;
				MTL_FAST_MATH = YES;
				SDKROOT = iphoneos;
				SWIFT_COMPILATION_MODE = wholemodule;
				SWIFT_OPTIMIZATION_LEVEL = "-O";
				VALIDATE_PRODUCT = YES;
			};
			name = Release;
		};
		649AA3392AC1D68300E543F0 /* Debug */ = {
			isa = XCBuildConfiguration;
			buildSettings = {
				ASSETCATALOG_COMPILER_APPICON_NAME = AppIcon;
				ASSETCATALOG_COMPILER_GLOBAL_ACCENT_COLOR_NAME = AccentColor;
				CODE_SIGN_STYLE = Automatic;
				CURRENT_PROJECT_VERSION = 1;
				DEVELOPMENT_TEAM = V8ALJCTXD3;
				GENERATE_INFOPLIST_FILE = YES;
				INFOPLIST_FILE = LearnSwift/Info.plist;
				INFOPLIST_KEY_UIApplicationSupportsIndirectInputEvents = YES;
				INFOPLIST_KEY_UILaunchStoryboardName = LaunchScreen;
				INFOPLIST_KEY_UISupportedInterfaceOrientations_iPad = "UIInterfaceOrientationPortrait UIInterfaceOrientationPortraitUpsideDown UIInterfaceOrientationLandscapeLeft UIInterfaceOrientationLandscapeRight";
				INFOPLIST_KEY_UISupportedInterfaceOrientations_iPhone = "UIInterfaceOrientationPortrait UIInterfaceOrientationLandscapeLeft UIInterfaceOrientationLandscapeRight";
				LD_RUNPATH_SEARCH_PATHS = (
					"$(inherited)",
					"@executable_path/Frameworks",
				);
				MARKETING_VERSION = 1.0;
				PRODUCT_BUNDLE_IDENTIFIER = ClownTeam.LearnSwift;
				PRODUCT_NAME = "$(TARGET_NAME)";
				SWIFT_EMIT_LOC_STRINGS = YES;
				SWIFT_VERSION = 5.0;
				TARGETED_DEVICE_FAMILY = "1,2";
			};
			name = Debug;
		};
		649AA33A2AC1D68300E543F0 /* Release */ = {
			isa = XCBuildConfiguration;
			buildSettings = {
				ASSETCATALOG_COMPILER_APPICON_NAME = AppIcon;
				ASSETCATALOG_COMPILER_GLOBAL_ACCENT_COLOR_NAME = AccentColor;
				CODE_SIGN_STYLE = Automatic;
				CURRENT_PROJECT_VERSION = 1;
				DEVELOPMENT_TEAM = V8ALJCTXD3;
				GENERATE_INFOPLIST_FILE = YES;
				INFOPLIST_FILE = LearnSwift/Info.plist;
				INFOPLIST_KEY_UIApplicationSupportsIndirectInputEvents = YES;
				INFOPLIST_KEY_UILaunchStoryboardName = LaunchScreen;
				INFOPLIST_KEY_UISupportedInterfaceOrientations_iPad = "UIInterfaceOrientationPortrait UIInterfaceOrientationPortraitUpsideDown UIInterfaceOrientationLandscapeLeft UIInterfaceOrientationLandscapeRight";
				INFOPLIST_KEY_UISupportedInterfaceOrientations_iPhone = "UIInterfaceOrientationPortrait UIInterfaceOrientationLandscapeLeft UIInterfaceOrientationLandscapeRight";
				LD_RUNPATH_SEARCH_PATHS = (
					"$(inherited)",
					"@executable_path/Frameworks",
				);
				MARKETING_VERSION = 1.0;
				PRODUCT_BUNDLE_IDENTIFIER = ClownTeam.LearnSwift;
				PRODUCT_NAME = "$(TARGET_NAME)";
				SWIFT_EMIT_LOC_STRINGS = YES;
				SWIFT_VERSION = 5.0;
				TARGETED_DEVICE_FAMILY = "1,2";
			};
			name = Release;
		};
/* End XCBuildConfiguration section */

/* Begin XCConfigurationList section */
		649AA31F2AC1D68200E543F0 /* Build configuration list for PBXProject "LearnSwift" */ = {
			isa = XCConfigurationList;
			buildConfigurations = (
				649AA3362AC1D68300E543F0 /* Debug */,
				649AA3372AC1D68300E543F0 /* Release */,
			);
			defaultConfigurationIsVisible = 0;
			defaultConfigurationName = Release;
		};
		649AA3382AC1D68300E543F0 /* Build configuration list for PBXNativeTarget "LearnSwift" */ = {
			isa = XCConfigurationList;
			buildConfigurations = (
				649AA3392AC1D68300E543F0 /* Debug */,
				649AA33A2AC1D68300E543F0 /* Release */,
			);
			defaultConfigurationIsVisible = 0;
			defaultConfigurationName = Release;
		};
/* End XCConfigurationList section */

/* Begin XCRemoteSwiftPackageReference section */
		649AA33E2AC1DA7A00E543F0 /* XCRemoteSwiftPackageReference "SnapKit" */ = {
			isa = XCRemoteSwiftPackageReference;
			repositoryURL = "https://github.com/SnapKit/SnapKit.git";
			requirement = {
				kind = upToNextMajorVersion;
				minimumVersion = 5.0.0;
			};
		};
/* End XCRemoteSwiftPackageReference section */

/* Begin XCSwiftPackageProductDependency section */
		649AA33F2AC1DA7A00E543F0 /* SnapKit */ = {
			isa = XCSwiftPackageProductDependency;
			package = 649AA33E2AC1DA7A00E543F0 /* XCRemoteSwiftPackageReference "SnapKit" */;
			productName = SnapKit;
		};
/* End XCSwiftPackageProductDependency section */
	};
	rootObject = 649AA31C2AC1D68200E543F0 /* Project object */;
}
